{
  "requires": true,
  "lockfileVersion": 1,
  "dependencies": {
    "commander": {
      "version": "2.17.1",
      "resolved": "https://registry.npmjs.org/commander/-/commander-2.17.1.tgz",
      "integrity": "sha512-wPMUt6FnH2yzG95SA6mzjQOEKUU3aLaDEmzs1ti+1E9h+CsrZghRlqEM/EJ4KscsQVG8uNN4uVreUeT8+drlgg=="
    },
    "d3-array": {
      "version": "1.2.1",
      "resolved": "https://registry.npmjs.org/d3-array/-/d3-array-1.2.1.tgz",
      "integrity": "sha512-CyINJQ0SOUHojDdFDH4JEM0552vCR1utGyLHegJHyYH0JyCpSeTPxi4OBqHMA2jJZq4NH782LtaJWBImqI/HBw=="
    },
    "d3-geo": {
      "version": "1.10.0",
      "resolved": "https://registry.npmjs.org/d3-geo/-/d3-geo-1.10.0.tgz",
      "integrity": "sha512-VK/buVGgexthTTqGRNXQ/LSo3EbOFu4p2Pjud5drSIaEnOaF2moc8A3P7WEljEO1JEBEwbpAJjFWMuJiUtoBcw==",
      "requires": {
        "d3-array": "1.2.1"
      }
    },
    "topojson-client": {
      "version": "3.0.0",
      "resolved": "https://registry.npmjs.org/topojson-client/-/topojson-client-3.0.0.tgz",
      "integrity": "sha1-H5kpOnfvQqRI0DKoGqmCtz82DS8=",
      "requires": {
        "commander": "2.17.1"
      }
    }
  }
}
